
Microsoft Visual Studio Solution File, Format Version 12.00
# Visual Studio 15
VisualStudioVersion = 15.0.28010.2046
MinimumVisualStudioVersion = 10.0.40219.1
Project("{FAE04EC0-301F-11D3-BF4B-00C04F79EFBC}") = "MediClipWebAPI", "MediClipWebAPI\MediClipWebAPI.csproj", "{4EBA2830-4879-4B2D-89C6-ABF2C76EF4A2}"
EndProject
Project("{FAE04EC0-301F-11D3-BF4B-00C04F79EFBC}") = "MediClipWebAPI.Tests", "MediClipWebAPI.Tests\MediClipWebAPI.Tests.csproj", "{ED69A07F-6F61-4DF4-BC89-92819BF80891}"
EndProject
Global
	GlobalSection(SolutionConfigurationPlatforms) = preSolution
		Debug|Any CPU = Debug|Any CPU
		Release|Any CPU = Release|Any CPU
	EndGlobalSection
	GlobalSection(ProjectConfigurationPlatforms) = postSolution
		{4EBA2830-4879-4B2D-89C6-ABF2C76EF4A2}.Debug|Any CPU.ActiveCfg = Debug|Any CPU
		{4EBA2830-4879-4B2D-89C6-ABF2C76EF4A2}.Debug|Any CPU.Build.0 = Debug|Any CPU
		{4EBA2830-4879-4B2D-89C6-ABF2C76EF4A2}.Release|Any CPU.ActiveCfg = Release|Any CPU
		{4EBA2830-4879-4B2D-89C6-ABF2C76EF4A2}.Release|Any CPU.Build.0 = Release|Any CPU
		{ED69A07F-6F61-4DF4-BC89-92819BF80891}.Debug|Any CPU.ActiveCfg = Debug|Any CPU
		{ED69A07F-6F61-4DF4-BC89-92819BF80891}.Debug|Any CPU.Build.0 = Debug|Any CPU
		{ED69A07F-6F61-4DF4-BC89-92819BF80891}.Release|Any CPU.ActiveCfg = Release|Any CPU
		{ED69A07F-6F61-4DF4-BC89-92819BF80891}.Release|Any CPU.Build.0 = Release|Any CPU
	EndGlobalSection
	GlobalSection(SolutionProperties) = preSolution
		HideSolutionNode = FALSE
	EndGlobalSection
	GlobalSection(ExtensibilityGlobals) = postSolution
		SolutionGuid = {843AF8DB-81B2-4D95-A774-EE4B47876876}
	EndGlobalSection
EndGlobal
